
Microsoft Visual Studio Solution File, Format Version 12.00
# Visual Studio Version 17
VisualStudioVersion = 17.13.35931.197
MinimumVisualStudioVersion = 10.0.40219.1
Project("{FAE04EC0-301F-11D3-BF4B-00C04F79EFBC}") = "AreaPubblica", "AreaPubblica\AreaPubblica.csproj", "{4B940F69-EDDB-46D5-AAA0-34979491D11D}"
EndProject
Project("{E24C65DC-7377-472B-9ABA-BC803B73C61A}") = "AreaLavoroStudente", "AreaLavoroStudente\", "{AC4D4E27-7069-31D3-61C9-C82131829A72}"
	ProjectSection(WebsiteProperties) = preProject
		TargetFrameworkMoniker = ".NETFramework,Version%3Dv4.7.2"
		ProjectReferences = "{4103300c-e9cb-4e1a-a639-85c3b164fea3}|LibreriaClassi.dll;"
		Debug.AspNetCompiler.VirtualPath = "/localhost_54399"
		Debug.AspNetCompiler.PhysicalPath = "AreaLavoroStudente\"
		Debug.AspNetCompiler.TargetPath = "PrecompiledWeb\localhost_54399\"
		Debug.AspNetCompiler.Updateable = "true"
		Debug.AspNetCompiler.ForceOverwrite = "true"
		Debug.AspNetCompiler.FixedNames = "false"
		Debug.AspNetCompiler.Debug = "True"
		Release.AspNetCompiler.VirtualPath = "/localhost_54399"
		Release.AspNetCompiler.PhysicalPath = "AreaLavoroStudente\"
		Release.AspNetCompiler.TargetPath = "PrecompiledWeb\localhost_54399\"
		Release.AspNetCompiler.Updateable = "true"
		Release.AspNetCompiler.ForceOverwrite = "true"
		Release.AspNetCompiler.FixedNames = "false"
		Release.AspNetCompiler.Debug = "False"
		VWDPort = "54399"
		SlnRelativePath = "AreaLavoroStudente\"
		DefaultWebSiteLanguage = "Visual C#"
	EndProjectSection
EndProject
Project("{E24C65DC-7377-472B-9ABA-BC803B73C61A}") = "AreaAmministrazione", "AreaAmministrazione\", "{A06C6270-2393-1AED-096A-8A4EECE13D15}"
	ProjectSection(WebsiteProperties) = preProject
		TargetFrameworkMoniker = ".NETFramework,Version%3Dv4.7.2"
		ProjectReferences = "{4103300c-e9cb-4e1a-a639-85c3b164fea3}|LibreriaClassi.dll;"
		Debug.AspNetCompiler.VirtualPath = "/localhost_54411"
		Debug.AspNetCompiler.PhysicalPath = "AreaAmministrazione\"
		Debug.AspNetCompiler.TargetPath = "PrecompiledWeb\localhost_54411\"
		Debug.AspNetCompiler.Updateable = "true"
		Debug.AspNetCompiler.ForceOverwrite = "true"
		Debug.AspNetCompiler.FixedNames = "false"
		Debug.AspNetCompiler.Debug = "True"
		Release.AspNetCompiler.VirtualPath = "/localhost_54411"
		Release.AspNetCompiler.PhysicalPath = "AreaAmministrazione\"
		Release.AspNetCompiler.TargetPath = "PrecompiledWeb\localhost_54411\"
		Release.AspNetCompiler.Updateable = "true"
		Release.AspNetCompiler.ForceOverwrite = "true"
		Release.AspNetCompiler.FixedNames = "false"
		Release.AspNetCompiler.Debug = "False"
		VWDPort = "54411"
		SlnRelativePath = "AreaAmministrazione\"
		DefaultWebSiteLanguage = "Visual C#"
	EndProjectSection
EndProject
Project("{FAE04EC0-301F-11D3-BF4B-00C04F79EFBC}") = "Comunicazioni", "Comunicazioni\Comunicazioni.csproj", "{2635816B-49A9-4089-BE7F-3AB1DF8C3E59}"
EndProject
Project("{FAE04EC0-301F-11D3-BF4B-00C04F79EFBC}") = "LibreriaClassi", "LibreriaClassi\LibreriaClassi.csproj", "{4103300C-E9CB-4E1A-A639-85C3B164FEA3}"
EndProject
Project("{FAE04EC0-301F-11D3-BF4B-00C04F79EFBC}") = "AreaDocente", "AreaDocente\AreaDocente.csproj", "{530E99B0-9A74-4EC2-B0BC-A9DFC027ED2A}"
EndProject
Project("{FAE04EC0-301F-11D3-BF4B-00C04F79EFBC}") = "AreaStudente", "AreaStudente\AreaStudente.csproj", "{8554E761-A6B9-48A6-8A00-F37831290D71}"
EndProject
Global
	GlobalSection(SolutionConfigurationPlatforms) = preSolution
		Debug|Any CPU = Debug|Any CPU
		Release|Any CPU = Release|Any CPU
	EndGlobalSection
	GlobalSection(ProjectConfigurationPlatforms) = postSolution
		{4B940F69-EDDB-46D5-AAA0-34979491D11D}.Debug|Any CPU.ActiveCfg = Debug|Any CPU
		{4B940F69-EDDB-46D5-AAA0-34979491D11D}.Debug|Any CPU.Build.0 = Debug|Any CPU
		{4B940F69-EDDB-46D5-AAA0-34979491D11D}.Release|Any CPU.ActiveCfg = Release|Any CPU
		{4B940F69-EDDB-46D5-AAA0-34979491D11D}.Release|Any CPU.Build.0 = Release|Any CPU
		{AC4D4E27-7069-31D3-61C9-C82131829A72}.Debug|Any CPU.ActiveCfg = Debug|Any CPU
		{AC4D4E27-7069-31D3-61C9-C82131829A72}.Debug|Any CPU.Build.0 = Debug|Any CPU
		{AC4D4E27-7069-31D3-61C9-C82131829A72}.Release|Any CPU.ActiveCfg = Debug|Any CPU
		{AC4D4E27-7069-31D3-61C9-C82131829A72}.Release|Any CPU.Build.0 = Debug|Any CPU
		{A06C6270-2393-1AED-096A-8A4EECE13D15}.Debug|Any CPU.ActiveCfg = Debug|Any CPU
		{A06C6270-2393-1AED-096A-8A4EECE13D15}.Debug|Any CPU.Build.0 = Debug|Any CPU
		{A06C6270-2393-1AED-096A-8A4EECE13D15}.Release|Any CPU.ActiveCfg = Debug|Any CPU
		{A06C6270-2393-1AED-096A-8A4EECE13D15}.Release|Any CPU.Build.0 = Debug|Any CPU
		{2635816B-49A9-4089-BE7F-3AB1DF8C3E59}.Debug|Any CPU.ActiveCfg = Debug|Any CPU
		{2635816B-49A9-4089-BE7F-3AB1DF8C3E59}.Debug|Any CPU.Build.0 = Debug|Any CPU
		{2635816B-49A9-4089-BE7F-3AB1DF8C3E59}.Release|Any CPU.ActiveCfg = Release|Any CPU
		{2635816B-49A9-4089-BE7F-3AB1DF8C3E59}.Release|Any CPU.Build.0 = Release|Any CPU
		{4103300C-E9CB-4E1A-A639-85C3B164FEA3}.Debug|Any CPU.ActiveCfg = Debug|Any CPU
		{4103300C-E9CB-4E1A-A639-85C3B164FEA3}.Debug|Any CPU.Build.0 = Debug|Any CPU
		{4103300C-E9CB-4E1A-A639-85C3B164FEA3}.Release|Any CPU.ActiveCfg = Release|Any CPU
		{4103300C-E9CB-4E1A-A639-85C3B164FEA3}.Release|Any CPU.Build.0 = Release|Any CPU
		{530E99B0-9A74-4EC2-B0BC-A9DFC027ED2A}.Debug|Any CPU.ActiveCfg = Debug|Any CPU
		{530E99B0-9A74-4EC2-B0BC-A9DFC027ED2A}.Debug|Any CPU.Build.0 = Debug|Any CPU
		{530E99B0-9A74-4EC2-B0BC-A9DFC027ED2A}.Release|Any CPU.ActiveCfg = Release|Any CPU
		{530E99B0-9A74-4EC2-B0BC-A9DFC027ED2A}.Release|Any CPU.Build.0 = Release|Any CPU
		{8554E761-A6B9-48A6-8A00-F37831290D71}.Debug|Any CPU.ActiveCfg = Debug|Any CPU
		{8554E761-A6B9-48A6-8A00-F37831290D71}.Debug|Any CPU.Build.0 = Debug|Any CPU
		{8554E761-A6B9-48A6-8A00-F37831290D71}.Release|Any CPU.ActiveCfg = Release|Any CPU
		{8554E761-A6B9-48A6-8A00-F37831290D71}.Release|Any CPU.Build.0 = Release|Any CPU
	EndGlobalSection
	GlobalSection(SolutionProperties) = preSolution
		HideSolutionNode = FALSE
	EndGlobalSection
	GlobalSection(ExtensibilityGlobals) = postSolution
		SolutionGuid = {9BEE9C42-EA1C-4B2A-8C99-01A75248F5E0}
	EndGlobalSection
EndGlobal
